// !$*UTF8*$!
{
	archiveVersion = 1;
	classes = {
	};
	objectVersion = 50;
	objects = {

/* Begin PBXBuildFile section */
		880BE32527269CAF00FAC84C /* AppDelegate.swift in Sources */ = {isa = PBXBuildFile; fileRef = 880BE32427269CAF00FAC84C /* AppDelegate.swift */; };
		880BE32727269CAF00FAC84C /* SceneDelegate.swift in Sources */ = {isa = PBXBuildFile; fileRef = 880BE32627269CAF00FAC84C /* SceneDelegate.swift */; };
		880BE32927269CAF00FAC84C /* ViewController.swift in Sources */ = {isa = PBXBuildFile; fileRef = 880BE32827269CAF00FAC84C /* ViewController.swift */; };
		880BE32C27269CAF00FAC84C /* Main.storyboard in Resources */ = {isa = PBXBuildFile; fileRef = 880BE32A27269CAF00FAC84C /* Main.storyboard */; };
		880BE32E27269CB300FAC84C /* Assets.xcassets in Resources */ = {isa = PBXBuildFile; fileRef = 880BE32D27269CB300FAC84C /* Assets.xcassets */; };
		880BE33127269CB300FAC84C /* LaunchScreen.storyboard in Resources */ = {isa = PBXBuildFile; fileRef = 880BE32F27269CB300FAC84C /* LaunchScreen.storyboard */; };
		880BE33927269F6500FAC84C /* ResultViewController.swift in Sources */ = {isa = PBXBuildFile; fileRef = 880BE33827269F6500FAC84C /* ResultViewController.swift */; };
/* End PBXBuildFile section */

/* Begin PBXFileReference section */
		880BE32127269CAF00FAC84C /* YumemiCodingTest.app */ = {isa = PBXFileReference; explicitFileType = wrapper.application; includeInIndex = 0; path = YumemiCodingTest.app; sourceTree = BUILT_PRODUCTS_DIR; };
		880BE32427269CAF00FAC84C /* AppDelegate.swift */ = {isa = PBXFileReference; lastKnownFileType = sourcecode.swift; path = AppDelegate.swift; sourceTree = "<group>"; };
		880BE32627269CAF00FAC84C /* SceneDelegate.swift */ = {isa = PBXFileReference; lastKnownFileType = sourcecode.swift; path = SceneDelegate.swift; sourceTree = "<group>"; };
		880BE32827269CAF00FAC84C /* ViewController.swift */ = {isa = PBXFileReference; lastKnownFileType = sourcecode.swift; path = ViewController.swift; sourceTree = "<group>"; };
		880BE32B27269CAF00FAC84C /* Base */ = {isa = PBXFileReference; lastKnownFileType = file.storyboard; name = Base; path = Base.lproj/Main.storyboard; sourceTree = "<group>"; };
		880BE32D27269CB300FAC84C /* Assets.xcassets */ = {isa = PBXFileReference; lastKnownFileType = folder.assetcatalog; path = Assets.xcassets; sourceTree = "<group>"; };
		880BE33027269CB300FAC84C /* Base */ = {isa = PBXFileReference; lastKnownFileType = file.storyboard; name = Base; path = Base.lproj/LaunchScreen.storyboard; sourceTree = "<group>"; };
		880BE33227269CB300FAC84C /* Info.plist */ = {isa = PBXFileReference; lastKnownFileType = text.plist.xml; path = Info.plist; sourceTree = "<group>"; };
		880BE33827269F6500FAC84C /* ResultViewController.swift */ = {isa = PBXFileReference; lastKnownFileType = sourcecode.swift; path = ResultViewController.swift; sourceTree = "<group>"; };
/* End PBXFileReference section */

/* Begin PBXFrameworksBuildPhase section */
		880BE31E27269CAF00FAC84C /* Frameworks */ = {
			isa = PBXFrameworksBuildPhase;
			buildActionMask = 2147483647;
			files = (
			);
			runOnlyForDeploymentPostprocessing = 0;
		};
/* End PBXFrameworksBuildPhase section */

/* Begin PBXGroup section */
		880BE31827269CAF00FAC84C = {
			isa = PBXGroup;
			children = (
				880BE32327269CAF00FAC84C /* YumemiCodingTest */,
				880BE32227269CAF00FAC84C /* Products */,
			);
			sourceTree = "<group>";
		};
		880BE32227269CAF00FAC84C /* Products */ = {
			isa = PBXGroup;
			children = (
				880BE32127269CAF00FAC84C /* YumemiCodingTest.app */,
			);
			name = Products;
			sourceTree = "<group>";
		};
		880BE32327269CAF00FAC84C /* YumemiCodingTest */ = {
			isa = PBXGroup;
			children = (
				880BE32427269CAF00FAC84C /* AppDelegate.swift */,
				880BE32627269CAF00FAC84C /* SceneDelegate.swift */,
				8883487927276F2500C74FD6 /* Models */,
				880BE33A27269F6E00FAC84C /* Views */,
				8883487A27276F3B00C74FD6 /* Controllers */,
				880BE32D27269CB300FAC84C /* Assets.xcassets */,
				880BE32F27269CB300FAC84C /* LaunchScreen.storyboard */,
				880BE33227269CB300FAC84C /* Info.plist */,
			);
			path = YumemiCodingTest;
			sourceTree = "<group>";
		};
		880BE33A27269F6E00FAC84C /* Views */ = {
			isa = PBXGroup;
			children = (
				880BE32A27269CAF00FAC84C /* Main.storyboard */,
			);
			path = Views;
			sourceTree = "<group>";
		};
		8883487927276F2500C74FD6 /* Models */ = {
			isa = PBXGroup;
			children = (
			);
			path = Models;
			sourceTree = "<group>";
		};
		8883487A27276F3B00C74FD6 /* Controllers */ = {
			isa = PBXGroup;
			children = (
				880BE32827269CAF00FAC84C /* ViewController.swift */,
				880BE33827269F6500FAC84C /* ResultViewController.swift */,
			);
			path = Controllers;
			sourceTree = "<group>";
		};
/* End PBXGroup section */

/* Begin PBXNativeTarget section */
		880BE32027269CAF00FAC84C /* YumemiCodingTest */ = {
			isa = PBXNativeTarget;
			buildConfigurationList = 880BE33527269CB300FAC84C /* Build configuration list for PBXNativeTarget "YumemiCodingTest" */;
			buildPhases = (
				880BE31D27269CAF00FAC84C /* Sources */,
				880BE31E27269CAF00FAC84C /* Frameworks */,
				880BE31F27269CAF00FAC84C /* Resources */,
			);
			buildRules = (
			);
			dependencies = (
			);
			name = YumemiCodingTest;
			productName = YumemiCodingTest;
			productReference = 880BE32127269CAF00FAC84C /* YumemiCodingTest.app */;
			productType = "com.apple.product-type.application";
		};
/* End PBXNativeTarget section */

/* Begin PBXProject section */
		880BE31927269CAF00FAC84C /* Project object */ = {
			isa = PBXProject;
			attributes = {
				LastSwiftUpdateCheck = 1250;
				LastUpgradeCheck = 1250;
				TargetAttributes = {
					880BE32027269CAF00FAC84C = {
						CreatedOnToolsVersion = 12.5.1;
					};
				};
			};
			buildConfigurationList = 880BE31C27269CAF00FAC84C /* Build configuration list for PBXProject "YumemiCodingTest" */;
			compatibilityVersion = "Xcode 9.3";
			developmentRegion = en;
			hasScannedForEncodings = 0;
			knownRegions = (
				en,
				Base,
			);
			mainGroup = 880BE31827269CAF00FAC84C;
			productRefGroup = 880BE32227269CAF00FAC84C /* Products */;
			projectDirPath = "";
			projectRoot = "";
			targets = (
				880BE32027269CAF00FAC84C /* YumemiCodingTest */,
			);
		};
/* End PBXProject section */

/* Begin PBXResourcesBuildPhase section */
		880BE31F27269CAF00FAC84C /* Resources */ = {
			isa = PBXResourcesBuildPhase;
			buildActionMask = 2147483647;
			files = (
				880BE33127269CB300FAC84C /* LaunchScreen.storyboard in Resources */,
				880BE32E27269CB300FAC84C /* Assets.xcassets in Resources */,
				880BE32C27269CAF00FAC84C /* Main.storyboard in Resources */,
			);
			runOnlyForDeploymentPostprocessing = 0;
		};
/* End PBXResourcesBuildPhase section */

/* Begin PBXSourcesBuildPhase section */
		880BE31D27269CAF00FAC84C /* Sources */ = {
			isa = PBXSourcesBuildPhase;
			buildActionMask = 2147483647;
			files = (
				880BE32927269CAF00FAC84C /* ViewController.swift in Sources */,
				880BE32527269CAF00FAC84C /* AppDelegate.swift in Sources */,
				880BE33927269F6500FAC84C /* ResultViewController.swift in Sources */,
				880BE32727269CAF00FAC84C /* SceneDelegate.swift in Sources */,
			);
			runOnlyForDeploymentPostprocessing = 0;
		};
/* End PBXSourcesBuildPhase section */

/* Begin PBXVariantGroup section */
		880BE32A27269CAF00FAC84C /* Main.storyboard */ = {
			isa = PBXVariantGroup;
			children = (
				880BE32B27269CAF00FAC84C /* Base */,
			);
			name = Main.storyboard;
			sourceTree = "<group>";
		};
		880BE32F27269CB300FAC84C /* LaunchScreen.storyboard */ = {
			isa = PBXVariantGroup;
			children = (
				880BE33027269CB300FAC84C /* Base */,
			);
			name = LaunchScreen.storyboard;
			sourceTree = "<group>";
		};
/* End PBXVariantGroup section */

/* Begin XCBuildConfiguration section */
		880BE33327269CB300FAC84C /* Debug */ = {
			isa = XCBuildConfiguration;
			buildSettings = {
				ALWAYS_SEARCH_USER_PATHS = NO;
				CLANG_ANALYZER_NONNULL = YES;
				CLANG_ANALYZER_NUMBER_OBJECT_CONVERSION = YES_AGGRESSIVE;
				CLANG_CXX_LANGUAGE_STANDARD = "gnu++14";
				CLANG_CXX_LIBRARY = "libc++";
				CLANG_ENABLE_MODULES = YES;
				CLANG_ENABLE_OBJC_ARC = YES;
				CLANG_ENABLE_OBJC_WEAK = YES;
				CLANG_WARN_BLOCK_CAPTURE_AUTORELEASING = YES;
				CLANG_WARN_BOOL_CONVERSION = YES;
				CLANG_WARN_COMMA = YES;
				CLANG_WARN_CONSTANT_CONVERSION = YES;
				CLANG_WARN_DEPRECATED_OBJC_IMPLEMENTATIONS = YES;
				CLANG_WARN_DIRECT_OBJC_ISA_USAGE = YES_ERROR;
				CLANG_WARN_DOCUMENTATION_COMMENTS = YES;
				CLANG_WARN_EMPTY_BODY = YES;
				CLANG_WARN_ENUM_CONVERSION = YES;
				CLANG_WARN_INFINITE_RECURSION = YES;
				CLANG_WARN_INT_CONVERSION = YES;
				CLANG_WARN_NON_LITERAL_NULL_CONVERSION = YES;
				CLANG_WARN_OBJC_IMPLICIT_RETAIN_SELF = YES;
				CLANG_WARN_OBJC_LITERAL_CONVERSION = YES;
				CLANG_WARN_OBJC_ROOT_CLASS = YES_ERROR;
				CLANG_WARN_QUOTED_INCLUDE_IN_FRAMEWORK_HEADER = YES;
				CLANG_WARN_RANGE_LOOP_ANALYSIS = YES;
				CLANG_WARN_STRICT_PROTOTYPES = YES;
				CLANG_WARN_SUSPICIOUS_MOVE = YES;
				CLANG_WARN_UNGUARDED_AVAILABILITY = YES_AGGRESSIVE;
				CLANG_WARN_UNREACHABLE_CODE = YES;
				CLANG_WARN__DUPLICATE_METHOD_MATCH = YES;
				COPY_PHASE_STRIP = NO;
				DEBUG_INFORMATION_FORMAT = dwarf;
				ENABLE_STRICT_OBJC_MSGSEND = YES;
				ENABLE_TESTABILITY = YES;
				GCC_C_LANGUAGE_STANDARD = gnu11;
				GCC_DYNAMIC_NO_PIC = NO;
				GCC_NO_COMMON_BLOCKS = YES;
				GCC_OPTIMIZATION_LEVEL = 0;
				GCC_PREPROCESSOR_DEFINITIONS = (
					"DEBUG=1",
					"$(inherited)",
				);
				GCC_WARN_64_TO_32_BIT_CONVERSION = YES;
				GCC_WARN_ABOUT_RETURN_TYPE = YES_ERROR;
				GCC_WARN_UNDECLARED_SELECTOR = YES;
				GCC_WARN_UNINITIALIZED_AUTOS = YES_AGGRESSIVE;
				GCC_WARN_UNUSED_FUNCTION = YES;
				GCC_WARN_UNUSED_VARIABLE = YES;
				IPHONEOS_DEPLOYMENT_TARGET = 14.5;
				MTL_ENABLE_DEBUG_INFO = INCLUDE_SOURCE;
				MTL_FAST_MATH = YES;
				ONLY_ACTIVE_ARCH = YES;
				SDKROOT = iphoneos;
				SWIFT_ACTIVE_COMPILATION_CONDITIONS = DEBUG;
				SWIFT_OPTIMIZATION_LEVEL = "-Onone";
			};
			name = Debug;
		};
		880BE33427269CB300FAC84C /* Release */ = {
			isa = XCBuildConfiguration;
			buildSettings = {
				ALWAYS_SEARCH_USER_PATHS = NO;
				CLANG_ANALYZER_NONNULL = YES;
				CLANG_ANALYZER_NUMBER_OBJECT_CONVERSION = YES_AGGRESSIVE;
				CLANG_CXX_LANGUAGE_STANDARD = "gnu++14";
				CLANG_CXX_LIBRARY = "libc++";
				CLANG_ENABLE_MODULES = YES;
				CLANG_ENABLE_OBJC_ARC = YES;
				CLANG_ENABLE_OBJC_WEAK = YES;
				CLANG_WARN_BLOCK_CAPTURE_AUTORELEASING = YES;
				CLANG_WARN_BOOL_CONVERSION = YES;
				CLANG_WARN_COMMA = YES;
				CLANG_WARN_CONSTANT_CONVERSION = YES;
				CLANG_WARN_DEPRECATED_OBJC_IMPLEMENTATIONS = YES;
				CLANG_WARN_DIRECT_OBJC_ISA_USAGE = YES_ERROR;
				CLANG_WARN_DOCUMENTATION_COMMENTS = YES;
				CLANG_WARN_EMPTY_BODY = YES;
				CLANG_WARN_ENUM_CONVERSION = YES;
				CLANG_WARN_INFINITE_RECURSION = YES;
				CLANG_WARN_INT_CONVERSION = YES;
				CLANG_WARN_NON_LITERAL_NULL_CONVERSION = YES;
				CLANG_WARN_OBJC_IMPLICIT_RETAIN_SELF = YES;
				CLANG_WARN_OBJC_LITERAL_CONVERSION = YES;
				CLANG_WARN_OBJC_ROOT_CLASS = YES_ERROR;
				CLANG_WARN_QUOTED_INCLUDE_IN_FRAMEWORK_HEADER = YES;
				CLANG_WARN_RANGE_LOOP_ANALYSIS = YES;
				CLANG_WARN_STRICT_PROTOTYPES = YES;
				CLANG_WARN_SUSPICIOUS_MOVE = YES;
				CLANG_WARN_UNGUARDED_AVAILABILITY = YES_AGGRESSIVE;
				CLANG_WARN_UNREACHABLE_CODE = YES;
				CLANG_WARN__DUPLICATE_METHOD_MATCH = YES;
				COPY_PHASE_STRIP = NO;
				DEBUG_INFORMATION_FORMAT = "dwarf-with-dsym";
				ENABLE_NS_ASSERTIONS = NO;
				ENABLE_STRICT_OBJC_MSGSEND = YES;
				GCC_C_LANGUAGE_STANDARD = gnu11;
				GCC_NO_COMMON_BLOCKS = YES;
				GCC_WARN_64_TO_32_BIT_CONVERSION = YES;
				GCC_WARN_ABOUT_RETURN_TYPE = YES_ERROR;
				GCC_WARN_UNDECLARED_SELECTOR = YES;
				GCC_WARN_UNINITIALIZED_AUTOS = YES_AGGRESSIVE;
				GCC_WARN_UNUSED_FUNCTION = YES;
				GCC_WARN_UNUSED_VARIABLE = YES;
				IPHONEOS_DEPLOYMENT_TARGET = 14.5;
				MTL_ENABLE_DEBUG_INFO = NO;
				MTL_FAST_MATH = YES;
				SDKROOT = iphoneos;
				SWIFT_COMPILATION_MODE = wholemodule;
				SWIFT_OPTIMIZATION_LEVEL = "-O";
				VALIDATE_PRODUCT = YES;
			};
			name = Release;
		};
		880BE33627269CB300FAC84C /* Debug */ = {
			isa = XCBuildConfiguration;
			buildSettings = {
				ASSETCATALOG_COMPILER_APPICON_NAME = AppIcon;
				ASSETCATALOG_COMPILER_GLOBAL_ACCENT_COLOR_NAME = AccentColor;
				CODE_SIGN_STYLE = Automatic;
				INFOPLIST_FILE = YumemiCodingTest/Info.plist;
				LD_RUNPATH_SEARCH_PATHS = (
					"$(inherited)",
					"@executable_path/Frameworks",
				);
				PRODUCT_BUNDLE_IDENTIFIER = com.Kody.YumemiCodingTest;
				PRODUCT_NAME = "$(TARGET_NAME)";
				SWIFT_VERSION = 5.0;
				TARGETED_DEVICE_FAMILY = 1;
			};
			name = Debug;
		};
		880BE33727269CB300FAC84C /* Release */ = {
			isa = XCBuildConfiguration;
			buildSettings = {
				ASSETCATALOG_COMPILER_APPICON_NAME = AppIcon;
				ASSETCATALOG_COMPILER_GLOBAL_ACCENT_COLOR_NAME = AccentColor;
				CODE_SIGN_STYLE = Automatic;
				INFOPLIST_FILE = YumemiCodingTest/Info.plist;
				LD_RUNPATH_SEARCH_PATHS = (
					"$(inherited)",
					"@executable_path/Frameworks",
				);
				PRODUCT_BUNDLE_IDENTIFIER = com.Kody.YumemiCodingTest;
				PRODUCT_NAME = "$(TARGET_NAME)";
				SWIFT_VERSION = 5.0;
				TARGETED_DEVICE_FAMILY = 1;
			};
			name = Release;
		};
/* End XCBuildConfiguration section */

/* Begin XCConfigurationList section */
		880BE31C27269CAF00FAC84C /* Build configuration list for PBXProject "YumemiCodingTest" */ = {
			isa = XCConfigurationList;
			buildConfigurations = (
				880BE33327269CB300FAC84C /* Debug */,
				880BE33427269CB300FAC84C /* Release */,
			);
			defaultConfigurationIsVisible = 0;
			defaultConfigurationName = Release;
		};
		880BE33527269CB300FAC84C /* Build configuration list for PBXNativeTarget "YumemiCodingTest" */ = {
			isa = XCConfigurationList;
			buildConfigurations = (
				880BE33627269CB300FAC84C /* Debug */,
				880BE33727269CB300FAC84C /* Release */,
			);
			defaultConfigurationIsVisible = 0;
			defaultConfigurationName = Release;
		};
/* End XCConfigurationList section */
	};
	rootObject = 880BE31927269CAF00FAC84C /* Project object */;
}
